
Microsoft Visual Studio Solution File, Format Version 11.00
# Visual Studio 2010
Project("{8BC9CEB8-8B4A-11D0-8D11-00A0C91BC942}") = "CUTMACHINEGUN", "CUTMACHINEGUN\CUTMACHINEGUN.vcxproj", "{22A3ED16-A522-445A-9128-81E5E9F49AA1}"
EndProject
Project("{8BC9CEB8-8B4A-11D0-8D11-00A0C91BC942}") = "automat", "automat\automat.vcxproj", "{D2E69945-4E16-4FB1-AB1F-7B1FAA6F4DF6}"
EndProject
Global
	GlobalSection(SolutionConfigurationPlatforms) = preSolution
		Debug|Win32 = Debug|Win32
		Release|Win32 = Release|Win32
	EndGlobalSection
	GlobalSection(ProjectConfigurationPlatforms) = postSolution
		{22A3ED16-A522-445A-9128-81E5E9F49AA1}.Debug|Win32.ActiveCfg = Debug|Win32
		{22A3ED16-A522-445A-9128-81E5E9F49AA1}.Debug|Win32.Build.0 = Debug|Win32
		{22A3ED16-A522-445A-9128-81E5E9F49AA1}.Release|Win32.ActiveCfg = Release|Win32
		{22A3ED16-A522-445A-9128-81E5E9F49AA1}.Release|Win32.Build.0 = Release|Win32
		{D2E69945-4E16-4FB1-AB1F-7B1FAA6F4DF6}.Debug|Win32.ActiveCfg = Debug|Win32
		{D2E69945-4E16-4FB1-AB1F-7B1FAA6F4DF6}.Debug|Win32.Build.0 = Debug|Win32
		{D2E69945-4E16-4FB1-AB1F-7B1FAA6F4DF6}.Release|Win32.ActiveCfg = Release|Win32
		{D2E69945-4E16-4FB1-AB1F-7B1FAA6F4DF6}.Release|Win32.Build.0 = Release|Win32
	EndGlobalSection
	GlobalSection(SolutionProperties) = preSolution
		HideSolutionNode = FALSE
	EndGlobalSection
EndGlobal
